
Microsoft Visual Studio Solution File, Format Version 12.00
# Visual Studio 15
VisualStudioVersion = 15.0.26403.7
MinimumVisualStudioVersion = 10.0.40219.1
Project("{FAE04EC0-301F-11D3-BF4B-00C04F79EFBC}") = "Instagram_Bot", "Instagram_Bot\Instagram_Bot.csproj", "{DDF83804-805A-4CBB-9D5D-E4D0390EA613}"
EndProject
Project("{2150E333-8FDC-42A3-9474-1A3956D46DE8}") = "Solution Items", "Solution Items", "{2026A1FC-0DEF-4515-80C5-7794AAF37834}"
	ProjectSection(SolutionItems) = preProject
		README.md = README.md
		..\..\..\..\Pictures\screenshot.PNG = ..\..\..\..\Pictures\screenshot.PNG
	EndProjectSection
EndProject
Global
	GlobalSection(SolutionConfigurationPlatforms) = preSolution
		Debug|Any CPU = Debug|Any CPU
		Release|Any CPU = Release|Any CPU
	EndGlobalSection
	GlobalSection(ProjectConfigurationPlatforms) = postSolution
		{DDF83804-805A-4CBB-9D5D-E4D0390EA613}.Debug|Any CPU.ActiveCfg = Debug|Any CPU
		{DDF83804-805A-4CBB-9D5D-E4D0390EA613}.Debug|Any CPU.Build.0 = Debug|Any CPU
		{DDF83804-805A-4CBB-9D5D-E4D0390EA613}.Release|Any CPU.ActiveCfg = Release|Any CPU
		{DDF83804-805A-4CBB-9D5D-E4D0390EA613}.Release|Any CPU.Build.0 = Release|Any CPU
	EndGlobalSection
	GlobalSection(SolutionProperties) = preSolution
		HideSolutionNode = FALSE
	EndGlobalSection
EndGlobal
